
Microsoft Visual Studio Solution File, Format Version 12.00
# Visual Studio 15
VisualStudioVersion = 15.0.26430.16
MinimumVisualStudioVersion = 10.0.40219.1
Project("{FAE04EC0-301F-11D3-BF4B-00C04F79EFBC}") = "WindowsMedia.Net", "WindowsMedia.Net\WindowsMedia.Net.csproj", "{7EB1F8E0-5204-4B72-9BB8-60F092B20DA0}"
EndProject
Global
	GlobalSection(SolutionConfigurationPlatforms) = preSolution
		Debug|Any CPU = Debug|Any CPU
		Release|Any CPU = Release|Any CPU
	EndGlobalSection
	GlobalSection(ProjectConfigurationPlatforms) = postSolution
		{7EB1F8E0-5204-4B72-9BB8-60F092B20DA0}.Debug|Any CPU.ActiveCfg = Debug|Any CPU
		{7EB1F8E0-5204-4B72-9BB8-60F092B20DA0}.Debug|Any CPU.Build.0 = Debug|Any CPU
		{7EB1F8E0-5204-4B72-9BB8-60F092B20DA0}.Release|Any CPU.ActiveCfg = Release|Any CPU
		{7EB1F8E0-5204-4B72-9BB8-60F092B20DA0}.Release|Any CPU.Build.0 = Release|Any CPU
	EndGlobalSection
	GlobalSection(SolutionProperties) = preSolution
		HideSolutionNode = FALSE
	EndGlobalSection
EndGlobal
